
Microsoft Visual Studio Solution File, Format Version 12.00
# Visual Studio Version 16
VisualStudioVersion = 16.0.30523.141
MinimumVisualStudioVersion = 10.0.40219.1
Project("{FAE04EC0-301F-11D3-BF4B-00C04F79EFBC}") = "IT", "IT.csproj", "{C9C55462-730A-4322-9CB2-73560276C717}"
EndProject
Global
	GlobalSection(SolutionConfigurationPlatforms) = preSolution
		Debug|Any CPU = Debug|Any CPU
		Release|Any CPU = Release|Any CPU
	EndGlobalSection
	GlobalSection(ProjectConfigurationPlatforms) = postSolution
		{C9C55462-730A-4322-9CB2-73560276C717}.Debug|Any CPU.ActiveCfg = Debug|Any CPU
		{C9C55462-730A-4322-9CB2-73560276C717}.Debug|Any CPU.Build.0 = Debug|Any CPU
		{C9C55462-730A-4322-9CB2-73560276C717}.Release|Any CPU.ActiveCfg = Release|Any CPU
		{C9C55462-730A-4322-9CB2-73560276C717}.Release|Any CPU.Build.0 = Release|Any CPU
	EndGlobalSection
	GlobalSection(SolutionProperties) = preSolution
		HideSolutionNode = FALSE
	EndGlobalSection
	GlobalSection(ExtensibilityGlobals) = postSolution
		SolutionGuid = {F5C2DC24-8B91-4B1B-8167-1D1B6AA4E013}
	EndGlobalSection
EndGlobal
